{
  "version": "3",
  "packages": {
    "specifiers": {
      "npm:@js-temporal/polyfill": "npm:@js-temporal/polyfill@0.4.4",
      "npm:@js-temporal/polyfill@0.4.4": "npm:@js-temporal/polyfill@0.4.4",
      "npm:sunrise-sunset-js": "npm:sunrise-sunset-js@2.2.1"
    },
    "npm": {
      "@js-temporal/polyfill@0.4.4": {
        "integrity": "sha512-2X6bvghJ/JAoZO52lbgyAPFj8uCflhTo2g7nkFzEQdXd/D8rEeD4HtmTEpmtGCva260fcd66YNXBOYdnmHqSOg==",
        "dependencies": {
          "jsbi": "jsbi@4.3.0",
          "tslib": "tslib@2.6.2"
        }
      },
      "jsbi@4.3.0": {
        "integrity": "sha512-SnZNcinB4RIcnEyZqFPdGPVgrg2AcnykiBy0sHVJQKHYeaLUvi3Exj+iaPpLnFVkDPZIV4U0yvgC9/R4uEAZ9g==",
        "dependencies": {}
      },
      "sunrise-sunset-js@2.2.1": {
        "integrity": "sha512-ErsvmxoTCZRacVPtlchkrTAR8qxypBy0BDrrv9LMugLuF0AykcS5pQsP1EhQJHgumxrTTSI8N8KJkQMVJ6dEPw==",
        "dependencies": {}
      },
      "tslib@2.6.2": {
        "integrity": "sha512-AEYxH93jGFPn/a2iVAwW87VuUIkR1FVUKB77NwMF7nBTDkDrrT/Hpt/IrCJ0QXhW27jTBDcf5ZY7w6RiqTMw2Q==",
        "dependencies": {}
      }
    }
  },
  "redirects": {
    "https://deno.land/x/mqtt/deno/mod.ts": "https://deno.land/x/mqtt@0.1.2/deno/mod.ts"
  },
  "remote": {
    "https://deno.land/x/churchcalendar@1.4.4/calendar.ts": "7417b61f64aa42d83cbd349e4a0dd09872b7ff72d2096f00e64410cde0493283",
    "https://deno.land/x/churchcalendar@1.4.4/festivalindex.ts": "2768e77e8ffc7123fa04582ed88a053bcb61635f4bbf0a4552035310d0f16dbe",
    "https://deno.land/x/churchcalendar@1.4.4/nth.ts": "37968ad256fdf616301e5a592b7091f4236910cb0c01ed6e9226b8e195aa5201",
    "https://deno.land/x/churchcalendar@1.4.4/packing.ts": "11be9534a198978b5a2a9d2ee2da9d940b69ee0462640a5e8c84ad7fd0034547",
    "https://deno.land/x/churchcalendar@1.4.4/temporal.ts": "447b81ea34a4f19aae82b13ac264f1cea3da12613020f801fbf562503de70eaa",
    "https://deno.land/x/churchcalendar@1.4.4/western/calendars/anglican-church-of-australia.ts": "898761efc42b574fa9657bdf064b7fa8e9d6687bd6a3efe7a58633e09b184a2f",
    "https://deno.land/x/churchcalendar@1.4.4/western/festivals/advent.ts": "2908030b0683238617db55e3b1f9042171156f929abf152a4c211052730461d6",
    "https://deno.land/x/churchcalendar@1.4.4/western/festivals/christmas.ts": "7d4a97e82eb219069754d4b2b2229da9a3138dc6ceb13543ed67070ea4c27a75",
    "https://deno.land/x/churchcalendar@1.4.4/western/festivals/easter.ts": "d580d0ef69937ec53879d4396c859748e8a79bd7580753bb065f4d3a0f5cb4d8",
    "https://deno.land/x/churchcalendar@1.4.4/western/festivals/epiphany.ts": "6a5424ae8e8ccd3dfe8809246604326b42bfb0667e1d831f7cd1b67b92109c12",
    "https://deno.land/x/churchcalendar@1.4.4/western/festivals/feasts.ts": "2840045b213e012c021f54e4eec38f0c2f43ef21f3e0aeb07b8d52223749273d",
    "https://deno.land/x/churchcalendar@1.4.4/western/festivals/holy_week.ts": "0bf1b605ff383f9c5dfdd1203a0da5b2b96929c8cd716e9b519839733af2a42e",
    "https://deno.land/x/churchcalendar@1.4.4/western/festivals/index.ts": "b10b5ef4d9f2569febc06e0067e6f035f53a72d17fbd4a9f48042d5e572fce22",
    "https://deno.land/x/churchcalendar@1.4.4/western/festivals/lent.ts": "90e8014ff0bd02e61613a5c3fe378fe2f154797e21033319e4dd76bfe538fd94",
    "https://deno.land/x/churchcalendar@1.4.4/western/festivals/lesser_festivals.ts": "15ee81aa50f8e7c04c32aed1078971ab59a181441aaf39312b983f0a294eb18c",
    "https://deno.land/x/churchcalendar@1.4.4/western/festivals/pentecost.ts": "3c2d1a02e823c0bdd0e5129aaeebe8fc499779c39e222671f8149d907d3ad2be",
    "https://deno.land/x/churchcalendar@1.4.4/western/festivals/triduum.ts": "196436dc7baafb0adbde97d70fa31b36229e02a912fc11efb7750f248af0d15b",
    "https://deno.land/x/churchcalendar@1.4.4/western/liturgicalyear.ts": "a6045095b2b29769fdc79ed367135c810b9895204543cd2626d0913160b2dabe",
    "https://deno.land/x/churchcalendar@1.4.4/western/seasons/advent/advent.ts": "4844b83c6915296690b0e3ee579c9aeacd1b5cf756517e9228766240efd5f2b9",
    "https://deno.land/x/churchcalendar@1.4.4/western/seasons/easter/easter.ts": "9da3f1237f05f123631aa8f47f685b0bbbb754f0c732e148017b59c2d106cf44",
    "https://deno.land/x/churchcalendar@1.4.4/western/seasons/index.ts": "8a5bc88399a58a0b30372c5faa66ffd2de7b943b252e06e81070c656052521b5",
    "https://deno.land/x/churchcalendar@1.4.4/western/seasons/pentecost/pentecost.ts": "ab7c1d8851e286b5445abb7e46152b7ab7390d1d4ea6c3b4496eb3d7911fa13c",
    "https://deno.land/x/churchcalendar@1.4.4/western/sunday.ts": "ea0be3f63f35cdd5792da0b88b51db0a456cc639d0c7e0834cee24b8e34ba0f6",
    "https://deno.land/x/churchcalendar@1.4.5/calendar.ts": "7417b61f64aa42d83cbd349e4a0dd09872b7ff72d2096f00e64410cde0493283",
    "https://deno.land/x/churchcalendar@1.4.5/festivalindex.ts": "2768e77e8ffc7123fa04582ed88a053bcb61635f4bbf0a4552035310d0f16dbe",
    "https://deno.land/x/churchcalendar@1.4.5/nth.ts": "37968ad256fdf616301e5a592b7091f4236910cb0c01ed6e9226b8e195aa5201",
    "https://deno.land/x/churchcalendar@1.4.5/packing.ts": "11be9534a198978b5a2a9d2ee2da9d940b69ee0462640a5e8c84ad7fd0034547",
    "https://deno.land/x/churchcalendar@1.4.5/temporal.ts": "447b81ea34a4f19aae82b13ac264f1cea3da12613020f801fbf562503de70eaa",
    "https://deno.land/x/churchcalendar@1.4.5/western/calendars/anglican-church-of-australia.ts": "898761efc42b574fa9657bdf064b7fa8e9d6687bd6a3efe7a58633e09b184a2f",
    "https://deno.land/x/churchcalendar@1.4.5/western/festivals/advent.ts": "2908030b0683238617db55e3b1f9042171156f929abf152a4c211052730461d6",
    "https://deno.land/x/churchcalendar@1.4.5/western/festivals/christmas.ts": "7d4a97e82eb219069754d4b2b2229da9a3138dc6ceb13543ed67070ea4c27a75",
    "https://deno.land/x/churchcalendar@1.4.5/western/festivals/easter.ts": "d580d0ef69937ec53879d4396c859748e8a79bd7580753bb065f4d3a0f5cb4d8",
    "https://deno.land/x/churchcalendar@1.4.5/western/festivals/epiphany.ts": "5c778cb6277e1b7ea1ecec69f12329e8927ef74d92b7161dc9b4e816dbdc5510",
    "https://deno.land/x/churchcalendar@1.4.5/western/festivals/feasts.ts": "2840045b213e012c021f54e4eec38f0c2f43ef21f3e0aeb07b8d52223749273d",
    "https://deno.land/x/churchcalendar@1.4.5/western/festivals/holy_week.ts": "0bf1b605ff383f9c5dfdd1203a0da5b2b96929c8cd716e9b519839733af2a42e",
    "https://deno.land/x/churchcalendar@1.4.5/western/festivals/index.ts": "b10b5ef4d9f2569febc06e0067e6f035f53a72d17fbd4a9f48042d5e572fce22",
    "https://deno.land/x/churchcalendar@1.4.5/western/festivals/lent.ts": "90e8014ff0bd02e61613a5c3fe378fe2f154797e21033319e4dd76bfe538fd94",
    "https://deno.land/x/churchcalendar@1.4.5/western/festivals/lesser_festivals.ts": "15ee81aa50f8e7c04c32aed1078971ab59a181441aaf39312b983f0a294eb18c",
    "https://deno.land/x/churchcalendar@1.4.5/western/festivals/pentecost.ts": "a7219a0f2bc30b2df458e4b28579ecc43ba899dd6f4e90780ce25212c467d4ec",
    "https://deno.land/x/churchcalendar@1.4.5/western/festivals/triduum.ts": "196436dc7baafb0adbde97d70fa31b36229e02a912fc11efb7750f248af0d15b",
    "https://deno.land/x/churchcalendar@1.4.5/western/liturgicalyear.ts": "a6045095b2b29769fdc79ed367135c810b9895204543cd2626d0913160b2dabe",
    "https://deno.land/x/churchcalendar@1.4.5/western/seasons/advent/advent.ts": "4844b83c6915296690b0e3ee579c9aeacd1b5cf756517e9228766240efd5f2b9",
    "https://deno.land/x/churchcalendar@1.4.5/western/seasons/easter/easter.ts": "9da3f1237f05f123631aa8f47f685b0bbbb754f0c732e148017b59c2d106cf44",
    "https://deno.land/x/churchcalendar@1.4.5/western/seasons/index.ts": "8a5bc88399a58a0b30372c5faa66ffd2de7b943b252e06e81070c656052521b5",
    "https://deno.land/x/churchcalendar@1.4.5/western/seasons/pentecost/pentecost.ts": "ab7c1d8851e286b5445abb7e46152b7ab7390d1d4ea6c3b4496eb3d7911fa13c",
    "https://deno.land/x/churchcalendar@1.4.5/western/sunday.ts": "ea0be3f63f35cdd5792da0b88b51db0a456cc639d0c7e0834cee24b8e34ba0f6",
    "https://deno.land/x/churchcalendar@1.5.0/calendar.ts": "e24a829e67acfe92a1bc5ed41f6ff89390ab3acaca0cc43926caed6057e58324",
    "https://deno.land/x/churchcalendar@1.5.0/festivalindex.ts": "2768e77e8ffc7123fa04582ed88a053bcb61635f4bbf0a4552035310d0f16dbe",
    "https://deno.land/x/churchcalendar@1.5.0/nth.ts": "37968ad256fdf616301e5a592b7091f4236910cb0c01ed6e9226b8e195aa5201",
    "https://deno.land/x/churchcalendar@1.5.0/packing.ts": "3c62a42691497db5a789648e118056eaaaa65d4c8dafba7c533118b0ed2d4186",
    "https://deno.land/x/churchcalendar@1.5.0/temporal.ts": "447b81ea34a4f19aae82b13ac264f1cea3da12613020f801fbf562503de70eaa",
    "https://deno.land/x/churchcalendar@1.5.0/western/calendars/anglican-church-of-australia.ts": "2acdd778c3a6539a0b1125d3b2e8cf16bf9125bbefaf4c56c57abaed4096d571",
    "https://deno.land/x/churchcalendar@1.5.0/western/festivals/advent.ts": "2908030b0683238617db55e3b1f9042171156f929abf152a4c211052730461d6",
    "https://deno.land/x/churchcalendar@1.5.0/western/festivals/christmas.ts": "7d4a97e82eb219069754d4b2b2229da9a3138dc6ceb13543ed67070ea4c27a75",
    "https://deno.land/x/churchcalendar@1.5.0/western/festivals/easter.ts": "d580d0ef69937ec53879d4396c859748e8a79bd7580753bb065f4d3a0f5cb4d8",
    "https://deno.land/x/churchcalendar@1.5.0/western/festivals/epiphany.ts": "5c778cb6277e1b7ea1ecec69f12329e8927ef74d92b7161dc9b4e816dbdc5510",
    "https://deno.land/x/churchcalendar@1.5.0/western/festivals/feasts.ts": "2840045b213e012c021f54e4eec38f0c2f43ef21f3e0aeb07b8d52223749273d",
    "https://deno.land/x/churchcalendar@1.5.0/western/festivals/holy_week.ts": "0bf1b605ff383f9c5dfdd1203a0da5b2b96929c8cd716e9b519839733af2a42e",
    "https://deno.land/x/churchcalendar@1.5.0/western/festivals/index.ts": "b10b5ef4d9f2569febc06e0067e6f035f53a72d17fbd4a9f48042d5e572fce22",
    "https://deno.land/x/churchcalendar@1.5.0/western/festivals/lent.ts": "90e8014ff0bd02e61613a5c3fe378fe2f154797e21033319e4dd76bfe538fd94",
    "https://deno.land/x/churchcalendar@1.5.0/western/festivals/lesser_festivals.ts": "460d3eefa72d15763a1a94a02cfaa26affc3244d0422a511929f73206255e470",
    "https://deno.land/x/churchcalendar@1.5.0/western/festivals/pentecost.ts": "a7219a0f2bc30b2df458e4b28579ecc43ba899dd6f4e90780ce25212c467d4ec",
    "https://deno.land/x/churchcalendar@1.5.0/western/festivals/triduum.ts": "196436dc7baafb0adbde97d70fa31b36229e02a912fc11efb7750f248af0d15b",
    "https://deno.land/x/churchcalendar@1.5.0/western/liturgicalyear.ts": "a6045095b2b29769fdc79ed367135c810b9895204543cd2626d0913160b2dabe",
    "https://deno.land/x/churchcalendar@1.5.0/western/seasons/advent/advent.ts": "4844b83c6915296690b0e3ee579c9aeacd1b5cf756517e9228766240efd5f2b9",
    "https://deno.land/x/churchcalendar@1.5.0/western/seasons/easter/easter.ts": "9da3f1237f05f123631aa8f47f685b0bbbb754f0c732e148017b59c2d106cf44",
    "https://deno.land/x/churchcalendar@1.5.0/western/seasons/index.ts": "8a5bc88399a58a0b30372c5faa66ffd2de7b943b252e06e81070c656052521b5",
    "https://deno.land/x/churchcalendar@1.5.0/western/seasons/pentecost/pentecost.ts": "ab7c1d8851e286b5445abb7e46152b7ab7390d1d4ea6c3b4496eb3d7911fa13c",
    "https://deno.land/x/churchcalendar@1.5.0/western/sunday.ts": "ea0be3f63f35cdd5792da0b88b51db0a456cc639d0c7e0834cee24b8e34ba0f6",
    "https://deno.land/x/churchcalendar@1.5.2/calendar.ts": "ad469e2164ee47f8d4a1f7ce0ba5ca6d350dd8f2241dc4131408a988ff36397a",
    "https://deno.land/x/churchcalendar@1.5.2/festivalindex.ts": "2768e77e8ffc7123fa04582ed88a053bcb61635f4bbf0a4552035310d0f16dbe",
    "https://deno.land/x/churchcalendar@1.5.2/nth.ts": "37968ad256fdf616301e5a592b7091f4236910cb0c01ed6e9226b8e195aa5201",
    "https://deno.land/x/churchcalendar@1.5.2/packing.ts": "3c62a42691497db5a789648e118056eaaaa65d4c8dafba7c533118b0ed2d4186",
    "https://deno.land/x/churchcalendar@1.5.2/temporal.ts": "447b81ea34a4f19aae82b13ac264f1cea3da12613020f801fbf562503de70eaa",
    "https://deno.land/x/churchcalendar@1.5.2/western/calendars/anglican-church-of-australia.ts": "db2fd6b7e24855359740ee11eed53f99f5bb6e02ef6a531244c6080dc3aa350f",
    "https://deno.land/x/churchcalendar@1.5.2/western/festivals/advent.ts": "2908030b0683238617db55e3b1f9042171156f929abf152a4c211052730461d6",
    "https://deno.land/x/churchcalendar@1.5.2/western/festivals/christmas.ts": "7d4a97e82eb219069754d4b2b2229da9a3138dc6ceb13543ed67070ea4c27a75",
    "https://deno.land/x/churchcalendar@1.5.2/western/festivals/easter.ts": "d580d0ef69937ec53879d4396c859748e8a79bd7580753bb065f4d3a0f5cb4d8",
    "https://deno.land/x/churchcalendar@1.5.2/western/festivals/epiphany.ts": "5c778cb6277e1b7ea1ecec69f12329e8927ef74d92b7161dc9b4e816dbdc5510",
    "https://deno.land/x/churchcalendar@1.5.2/western/festivals/feasts.ts": "2840045b213e012c021f54e4eec38f0c2f43ef21f3e0aeb07b8d52223749273d",
    "https://deno.land/x/churchcalendar@1.5.2/western/festivals/holy_week.ts": "0bf1b605ff383f9c5dfdd1203a0da5b2b96929c8cd716e9b519839733af2a42e",
    "https://deno.land/x/churchcalendar@1.5.2/western/festivals/index.ts": "b10b5ef4d9f2569febc06e0067e6f035f53a72d17fbd4a9f48042d5e572fce22",
    "https://deno.land/x/churchcalendar@1.5.2/western/festivals/lent.ts": "90e8014ff0bd02e61613a5c3fe378fe2f154797e21033319e4dd76bfe538fd94",
    "https://deno.land/x/churchcalendar@1.5.2/western/festivals/lesser_festivals.ts": "460d3eefa72d15763a1a94a02cfaa26affc3244d0422a511929f73206255e470",
    "https://deno.land/x/churchcalendar@1.5.2/western/festivals/pentecost.ts": "a7219a0f2bc30b2df458e4b28579ecc43ba899dd6f4e90780ce25212c467d4ec",
    "https://deno.land/x/churchcalendar@1.5.2/western/festivals/triduum.ts": "196436dc7baafb0adbde97d70fa31b36229e02a912fc11efb7750f248af0d15b",
    "https://deno.land/x/churchcalendar@1.5.2/western/liturgicalyear.ts": "a6045095b2b29769fdc79ed367135c810b9895204543cd2626d0913160b2dabe",
    "https://deno.land/x/churchcalendar@1.5.2/western/seasons/advent/advent.ts": "4844b83c6915296690b0e3ee579c9aeacd1b5cf756517e9228766240efd5f2b9",
    "https://deno.land/x/churchcalendar@1.5.2/western/seasons/easter/easter.ts": "9da3f1237f05f123631aa8f47f685b0bbbb754f0c732e148017b59c2d106cf44",
    "https://deno.land/x/churchcalendar@1.5.2/western/seasons/index.ts": "8a5bc88399a58a0b30372c5faa66ffd2de7b943b252e06e81070c656052521b5",
    "https://deno.land/x/churchcalendar@1.5.2/western/seasons/pentecost/pentecost.ts": "ab7c1d8851e286b5445abb7e46152b7ab7390d1d4ea6c3b4496eb3d7911fa13c",
    "https://deno.land/x/churchcalendar@1.5.2/western/sunday.ts": "ea0be3f63f35cdd5792da0b88b51db0a456cc639d0c7e0834cee24b8e34ba0f6",
    "https://deno.land/x/mqtt@0.1.2/client/base_client.ts": "c6fbd5e327a9d06628e4c5bfeb1881c5d97cdc9fb01ebc9bef726ddc0ad10ced",
    "https://deno.land/x/mqtt@0.1.2/deno/deno_client.ts": "39b6ef2008107604965654374ebd58c679dcd6d941e0efb4e0a74b20eb283f46",
    "https://deno.land/x/mqtt@0.1.2/deno/mod.ts": "dcb37ab97d47432d984a41729d4f440cdb2f3ae20cce7525474fc24433f12ce3",
    "https://deno.land/x/mqtt@0.1.2/lib/mod.ts": "863c871f3d0b6e925067dc80e8fffc7e09addc7095e0f4489409687ee9081032",
    "https://deno.land/x/mqtt@0.1.2/packets/connack.ts": "d3e9ada09d812a3c0be1d4d321008ba36feb1ea56933fbdd406e0ea1671e16d1",
    "https://deno.land/x/mqtt@0.1.2/packets/connect.ts": "2088ec4eab48ffd95061dcf3aaf3c298451b96bb43e6aa6f061f10da960909ea",
    "https://deno.land/x/mqtt@0.1.2/packets/disconnect.ts": "8d1088e88459e3463b9b4fa63060e6b21dc2cc97677d1622b95c6aad3427f826",
    "https://deno.land/x/mqtt@0.1.2/packets/length.ts": "975d38ae7beb920cbfd682901e9d4eeeb54fa61854d0addd593bf646065d7ce6",
    "https://deno.land/x/mqtt@0.1.2/packets/mod.ts": "f25b831c818914b1770c7826d8057a328dd0f11e354e5cee5c3f2c0fedb1cbf7",
    "https://deno.land/x/mqtt@0.1.2/packets/pingreq.ts": "db5aad46559be466702274ad6bc458c09c2a104d46e5fd25c312a04eb237528f",
    "https://deno.land/x/mqtt@0.1.2/packets/pingres.ts": "e5ab665c6c2e430458b1a938bf12aae3989f8606328254546a0d9df011b541fa",
    "https://deno.land/x/mqtt@0.1.2/packets/puback.ts": "dea32076f3c4b47b97f62f36adff95544599a6f1d6f9b41439dba1bcb784b3ce",
    "https://deno.land/x/mqtt@0.1.2/packets/pubcomp.ts": "1c06dee45ca925b6e36eaf9b39dc5479d09ed50320946a7c56281f997666ac36",
    "https://deno.land/x/mqtt@0.1.2/packets/publish.ts": "edd807d1540a602df631ceffe6ae2966c0859785ca2234a9c73c339814f0d0db",
    "https://deno.land/x/mqtt@0.1.2/packets/pubrec.ts": "f58a32f907ecb90b5170099bd3d649ac518ebf4fb0a75697ec81fb300faff7cb",
    "https://deno.land/x/mqtt@0.1.2/packets/pubrel.ts": "0eb34365c4f055649a426d1856483f3cb6200b3e6098dc1cf5ec0e8562ed526a",
    "https://deno.land/x/mqtt@0.1.2/packets/suback.ts": "cc5f87fa94c63500812bc800bb1d1149c58b591b1c15fd969376083d6b41d660",
    "https://deno.land/x/mqtt@0.1.2/packets/subscribe.ts": "bd54a77ec57ffa6bea4c6f72a0aac4d1ef6676a4b00d59b3c9a435b416f3d1c3",
    "https://deno.land/x/mqtt@0.1.2/packets/unsuback.ts": "0e204da0419e09c0ef0ffa2c3999214982d7587d086de05761b8fe0522443b33",
    "https://deno.land/x/mqtt@0.1.2/packets/unsubscribe.ts": "750128c6526633964faa109b549fa02c1ed5bba0306f151710c86b9935b36d1d",
    "https://deno.land/x/mqtt@0.1.2/packets/utf8.ts": "72213bc8d85ae315e876a53350a87c66f98069c3529260667c365d8b7542a34a"
  }
}
